
Microsoft Visual Studio Solution File, Format Version 12.00
# Visual Studio Version 16
VisualStudioVersion = 16.0.28407.52
MinimumVisualStudioVersion = 15.0.26124.0
Project("{9A19103F-16F7-4668-BE54-9A1E7A4F7556}") = "LNativeMemory", "LNativeMemory\LNativeMemory.csproj", "{2B863165-CB28-42ED-9A03-B8278491EF94}"
EndProject
Project("{9A19103F-16F7-4668-BE54-9A1E7A4F7556}") = "LNativeMemory.Tests", "LNativeMemory.Tests\LNativeMemory.Tests.csproj", "{32E96ED8-6E69-4E99-BEA4-06E8D463C192}"
EndProject
Project("{FAE04EC0-301F-11D3-BF4B-00C04F79EFBC}") = "ConsoleTest", "ConsoleTest\ConsoleTest.csproj", "{88BEDE7D-07E2-4A7D-B615-FE95DD1E003B}"
EndProject
Global
	GlobalSection(SolutionConfigurationPlatforms) = preSolution
		Debug|Any CPU = Debug|Any CPU
		Debug|x64 = Debug|x64
		Debug|x86 = Debug|x86
		Release|Any CPU = Release|Any CPU
		Release|x64 = Release|x64
		Release|x86 = Release|x86
	EndGlobalSection
	GlobalSection(ProjectConfigurationPlatforms) = postSolution
		{2B863165-CB28-42ED-9A03-B8278491EF94}.Debug|Any CPU.ActiveCfg = Debug|Any CPU
		{2B863165-CB28-42ED-9A03-B8278491EF94}.Debug|Any CPU.Build.0 = Debug|Any CPU
		{2B863165-CB28-42ED-9A03-B8278491EF94}.Debug|x64.ActiveCfg = Debug|Any CPU
		{2B863165-CB28-42ED-9A03-B8278491EF94}.Debug|x64.Build.0 = Debug|Any CPU
		{2B863165-CB28-42ED-9A03-B8278491EF94}.Debug|x86.ActiveCfg = Debug|Any CPU
		{2B863165-CB28-42ED-9A03-B8278491EF94}.Debug|x86.Build.0 = Debug|Any CPU
		{2B863165-CB28-42ED-9A03-B8278491EF94}.Release|Any CPU.ActiveCfg = Release|Any CPU
		{2B863165-CB28-42ED-9A03-B8278491EF94}.Release|Any CPU.Build.0 = Release|Any CPU
		{2B863165-CB28-42ED-9A03-B8278491EF94}.Release|x64.ActiveCfg = Release|Any CPU
		{2B863165-CB28-42ED-9A03-B8278491EF94}.Release|x64.Build.0 = Release|Any CPU
		{2B863165-CB28-42ED-9A03-B8278491EF94}.Release|x86.ActiveCfg = Release|Any CPU
		{2B863165-CB28-42ED-9A03-B8278491EF94}.Release|x86.Build.0 = Release|Any CPU
		{32E96ED8-6E69-4E99-BEA4-06E8D463C192}.Debug|Any CPU.ActiveCfg = Debug|Any CPU
		{32E96ED8-6E69-4E99-BEA4-06E8D463C192}.Debug|Any CPU.Build.0 = Debug|Any CPU
		{32E96ED8-6E69-4E99-BEA4-06E8D463C192}.Debug|x64.ActiveCfg = Debug|Any CPU
		{32E96ED8-6E69-4E99-BEA4-06E8D463C192}.Debug|x64.Build.0 = Debug|Any CPU
		{32E96ED8-6E69-4E99-BEA4-06E8D463C192}.Debug|x86.ActiveCfg = Debug|Any CPU
		{32E96ED8-6E69-4E99-BEA4-06E8D463C192}.Debug|x86.Build.0 = Debug|Any CPU
		{32E96ED8-6E69-4E99-BEA4-06E8D463C192}.Release|Any CPU.ActiveCfg = Release|Any CPU
		{32E96ED8-6E69-4E99-BEA4-06E8D463C192}.Release|Any CPU.Build.0 = Release|Any CPU
		{32E96ED8-6E69-4E99-BEA4-06E8D463C192}.Release|x64.ActiveCfg = Release|Any CPU
		{32E96ED8-6E69-4E99-BEA4-06E8D463C192}.Release|x64.Build.0 = Release|Any CPU
		{32E96ED8-6E69-4E99-BEA4-06E8D463C192}.Release|x86.ActiveCfg = Release|Any CPU
		{32E96ED8-6E69-4E99-BEA4-06E8D463C192}.Release|x86.Build.0 = Release|Any CPU
		{88BEDE7D-07E2-4A7D-B615-FE95DD1E003B}.Debug|Any CPU.ActiveCfg = Debug|Any CPU
		{88BEDE7D-07E2-4A7D-B615-FE95DD1E003B}.Debug|Any CPU.Build.0 = Debug|Any CPU
		{88BEDE7D-07E2-4A7D-B615-FE95DD1E003B}.Debug|x64.ActiveCfg = Debug|Any CPU
		{88BEDE7D-07E2-4A7D-B615-FE95DD1E003B}.Debug|x64.Build.0 = Debug|Any CPU
		{88BEDE7D-07E2-4A7D-B615-FE95DD1E003B}.Debug|x86.ActiveCfg = Debug|Any CPU
		{88BEDE7D-07E2-4A7D-B615-FE95DD1E003B}.Debug|x86.Build.0 = Debug|Any CPU
		{88BEDE7D-07E2-4A7D-B615-FE95DD1E003B}.Release|Any CPU.ActiveCfg = Release|Any CPU
		{88BEDE7D-07E2-4A7D-B615-FE95DD1E003B}.Release|Any CPU.Build.0 = Release|Any CPU
		{88BEDE7D-07E2-4A7D-B615-FE95DD1E003B}.Release|x64.ActiveCfg = Release|Any CPU
		{88BEDE7D-07E2-4A7D-B615-FE95DD1E003B}.Release|x64.Build.0 = Release|Any CPU
		{88BEDE7D-07E2-4A7D-B615-FE95DD1E003B}.Release|x86.ActiveCfg = Release|Any CPU
		{88BEDE7D-07E2-4A7D-B615-FE95DD1E003B}.Release|x86.Build.0 = Release|Any CPU
	EndGlobalSection
	GlobalSection(SolutionProperties) = preSolution
		HideSolutionNode = FALSE
	EndGlobalSection
	GlobalSection(ExtensibilityGlobals) = postSolution
		SolutionGuid = {7ADFD816-48F4-4816-ACAC-037BE3AF88EE}
	EndGlobalSection
EndGlobal
